{
  "lockfileVersion": 1,
  "workspaces": {
    "": {
      "name": "aigile",
      "devDependencies": {
        "@types/bun": "^1.2.21",
        "typescript": "^5.7.3",
      },
    },
    "packages/acp": {
      "name": "@aigile/acp",
      "version": "0.0.0",
    },
    "packages/adapters": {
      "name": "@aigile/adapters",
      "version": "0.0.0",
      "dependencies": {
        "@aigile/types": "workspace:*",
      },
    },
    "packages/cli": {
      "name": "@aigile/cli",
      "version": "0.0.0",
      "bin": {
        "aigile": "./src/main.ts",
      },
      "dependencies": {
        "@aigile/demo": "workspace:*",
      },
    },
    "packages/config": {
      "name": "@aigile/config",
      "version": "0.0.0",
      "dependencies": {
        "@aigile/roles": "workspace:*",
        "@aigile/types": "workspace:*",
      },
    },
    "packages/demo": {
      "name": "@aigile/demo",
      "version": "0.0.0",
      "dependencies": {
        "@aigile/acp": "workspace:*",
        "@aigile/adapters": "workspace:*",
        "@aigile/roles": "workspace:*",
        "@aigile/types": "workspace:*",
        "@aigile/verifier": "workspace:*",
        "@aigile/workflow": "workspace:*",
        "@aigile/workspace": "workspace:*",
      },
    },
    "packages/restate": {
      "name": "@aigile/restate",
      "version": "0.0.0",
      "dependencies": {
        "@aigile/workflow": "workspace:*",
      },
    },
    "packages/roles": {
      "name": "@aigile/roles",
      "version": "0.0.0",
      "dependencies": {
        "@aigile/acp": "workspace:*",
        "@aigile/types": "workspace:*",
      },
    },
    "packages/types": {
      "name": "@aigile/types",
      "version": "0.0.0",
    },
    "packages/verifier": {
      "name": "@aigile/verifier",
      "version": "0.0.0",
      "dependencies": {
        "@aigile/types": "workspace:*",
        "@aigile/workspace": "workspace:*",
      },
    },
    "packages/workflow": {
      "name": "@aigile/workflow",
      "version": "0.0.0",
      "dependencies": {
        "@aigile/types": "workspace:*",
      },
    },
    "packages/workspace": {
      "name": "@aigile/workspace",
      "version": "0.0.0",
    },
  },
  "packages": {
    "@aigile/acp": ["@aigile/acp@workspace:packages/acp"],

    "@aigile/adapters": ["@aigile/adapters@workspace:packages/adapters"],

    "@aigile/cli": ["@aigile/cli@workspace:packages/cli"],

    "@aigile/config": ["@aigile/config@workspace:packages/config"],

    "@aigile/demo": ["@aigile/demo@workspace:packages/demo"],

    "@aigile/restate": ["@aigile/restate@workspace:packages/restate"],

    "@aigile/roles": ["@aigile/roles@workspace:packages/roles"],

    "@aigile/types": ["@aigile/types@workspace:packages/types"],

    "@aigile/verifier": ["@aigile/verifier@workspace:packages/verifier"],

    "@aigile/workflow": ["@aigile/workflow@workspace:packages/workflow"],

    "@aigile/workspace": ["@aigile/workspace@workspace:packages/workspace"],

    "@types/bun": ["@types/bun@1.3.14", "", { "dependencies": { "bun-types": "1.3.14" } }, "sha512-h1hFqFVcvAvD9j9K7ZW7vd82aSA+rTdznZa+5bwvCwqSB1jmmfLcbIWhOLx1/+boy/xmjgCs/OMUL8hRJSmnPw=="],

    "@types/node": ["@types/node@25.9.3", "", { "dependencies": { "undici-types": ">=7.24.0 <7.24.7" } }, "sha512-603BddQMv3pUcr4U2dhujk83N2tTDVr/34wII2B6bJy6g+8WD6yUb11jszNs0gdi4PesVWl7ABt8nYMVpnLUcg=="],

    "bun-types": ["bun-types@1.3.14", "", { "dependencies": { "@types/node": "*" } }, "sha512-4N0ig0fEomHt5R0KCFWjovxow98rIoRwKolrYdCcknNwMekCXRnWEUvgu5soYV8QXtVsrUD8B95MBOZGPvr6KQ=="],

    "typescript": ["typescript@5.9.3", "", { "bin": { "tsc": "bin/tsc", "tsserver": "bin/tsserver" } }, "sha512-jl1vZzPDinLr9eUt3J/t7V6FgNEw9QjvBPdysz9KfQDD41fQrC2Y4vKQdiaUpFT4bXlb1RHhLpp8wtm6M5TgSw=="],

    "undici-types": ["undici-types@7.24.6", "", {}, "sha512-WRNW+sJgj5OBN4/0JpHFqtqzhpbnV0GuB+OozA9gCL7a993SmU+1JBZCzLNxYsbMfIeDL+lTsphD5jN5N+n0zg=="],
  }
}
